
Microsoft Visual Studio Solution File, Format Version 12.00
# Visual Studio 15
VisualStudioVersion = 15.0.28010.2003
MinimumVisualStudioVersion = 10.0.40219.1
Project("{FAE04EC0-301F-11D3-BF4B-00C04F79EFBC}") = "GameTracker", "GameTracker.Api\GameTracker.Api.csproj", "{208E94ED-E744-4B07-A614-60C32314DC78}"
EndProject
Global
	GlobalSection(SolutionConfigurationPlatforms) = preSolution
		Debug|Any CPU = Debug|Any CPU
		Release|Any CPU = Release|Any CPU
	EndGlobalSection
	GlobalSection(ProjectConfigurationPlatforms) = postSolution
		{208E94ED-E744-4B07-A614-60C32314DC78}.Debug|Any CPU.ActiveCfg = Debug|Any CPU
		{208E94ED-E744-4B07-A614-60C32314DC78}.Debug|Any CPU.Build.0 = Debug|Any CPU
		{208E94ED-E744-4B07-A614-60C32314DC78}.Release|Any CPU.ActiveCfg = Release|Any CPU
		{208E94ED-E744-4B07-A614-60C32314DC78}.Release|Any CPU.Build.0 = Release|Any CPU
	EndGlobalSection
	GlobalSection(SolutionProperties) = preSolution
		HideSolutionNode = FALSE
	EndGlobalSection
	GlobalSection(ExtensibilityGlobals) = postSolution
		SolutionGuid = {7D5F8261-E4BD-47EE-B71B-5A45F72F8F7E}
	EndGlobalSection
EndGlobal
